
Microsoft Visual Studio Solution File, Format Version 11.00
# Visual Studio 2010
Project("{8BC9CEB8-8B4A-11D0-8D11-00A0C91BC942}") = "Test", "Test\Test.vcxproj", "{8BFF8688-2048-4E07-987F-64897C2CA9B4}"
EndProject
Global
	GlobalSection(SolutionConfigurationPlatforms) = preSolution
		Debug|Win32 = Debug|Win32
		Release|Win32 = Release|Win32
	EndGlobalSection
	GlobalSection(ProjectConfigurationPlatforms) = postSolution
		{8BFF8688-2048-4E07-987F-64897C2CA9B4}.Debug|Win32.ActiveCfg = Debug|Win32
		{8BFF8688-2048-4E07-987F-64897C2CA9B4}.Debug|Win32.Build.0 = Debug|Win32
		{8BFF8688-2048-4E07-987F-64897C2CA9B4}.Release|Win32.ActiveCfg = Release|Win32
		{8BFF8688-2048-4E07-987F-64897C2CA9B4}.Release|Win32.Build.0 = Release|Win32
	EndGlobalSection
	GlobalSection(SolutionProperties) = preSolution
		HideSolutionNode = FALSE
	EndGlobalSection
EndGlobal
